
Microsoft Visual Studio Solution File, Format Version 12.00
# Visual Studio 15
VisualStudioVersion = 15.0.27703.2026
MinimumVisualStudioVersion = 10.0.40219.1
Project("{9A19103F-16F7-4668-BE54-9A1E7A4F7556}") = "PolyMicron", "PolyMicron\PolyMicron.csproj", "{D09C6D37-7BA6-4A8A-A26B-29A3BE235CA9}"
EndProject
Project("{9A19103F-16F7-4668-BE54-9A1E7A4F7556}") = "Pm.Data", "Pm.Data\Pm.Data.csproj", "{B4AB5DA6-98D9-4540-A807-FB526328BF68}"
EndProject
Project("{9A19103F-16F7-4668-BE54-9A1E7A4F7556}") = "Pm.Core", "Pm.Core\Pm.Core.csproj", "{3211383E-7436-41D8-B1B5-67DA02B1BCA8}"
EndProject
Project("{9A19103F-16F7-4668-BE54-9A1E7A4F7556}") = "Pm.Models", "Pm.Models\Pm.Models.csproj", "{FD8AAE57-0776-4253-8C90-DB5B3FFF24A5}"
EndProject
Project("{FAE04EC0-301F-11D3-BF4B-00C04F79EFBC}") = "Pm.Common", "Pm.Common\Pm.Common.csproj", "{35CDC7E9-976B-4A1D-B64E-95CDDC25D68B}"
EndProject
Global
	GlobalSection(SolutionConfigurationPlatforms) = preSolution
		Debug|Any CPU = Debug|Any CPU
		Release|Any CPU = Release|Any CPU
	EndGlobalSection
	GlobalSection(ProjectConfigurationPlatforms) = postSolution
		{D09C6D37-7BA6-4A8A-A26B-29A3BE235CA9}.Debug|Any CPU.ActiveCfg = Debug|Any CPU
		{D09C6D37-7BA6-4A8A-A26B-29A3BE235CA9}.Debug|Any CPU.Build.0 = Debug|Any CPU
		{D09C6D37-7BA6-4A8A-A26B-29A3BE235CA9}.Release|Any CPU.ActiveCfg = Release|Any CPU
		{D09C6D37-7BA6-4A8A-A26B-29A3BE235CA9}.Release|Any CPU.Build.0 = Release|Any CPU
		{B4AB5DA6-98D9-4540-A807-FB526328BF68}.Debug|Any CPU.ActiveCfg = Debug|Any CPU
		{B4AB5DA6-98D9-4540-A807-FB526328BF68}.Debug|Any CPU.Build.0 = Debug|Any CPU
		{B4AB5DA6-98D9-4540-A807-FB526328BF68}.Release|Any CPU.ActiveCfg = Release|Any CPU
		{B4AB5DA6-98D9-4540-A807-FB526328BF68}.Release|Any CPU.Build.0 = Release|Any CPU
		{3211383E-7436-41D8-B1B5-67DA02B1BCA8}.Debug|Any CPU.ActiveCfg = Debug|Any CPU
		{3211383E-7436-41D8-B1B5-67DA02B1BCA8}.Debug|Any CPU.Build.0 = Debug|Any CPU
		{3211383E-7436-41D8-B1B5-67DA02B1BCA8}.Release|Any CPU.ActiveCfg = Release|Any CPU
		{3211383E-7436-41D8-B1B5-67DA02B1BCA8}.Release|Any CPU.Build.0 = Release|Any CPU
		{FD8AAE57-0776-4253-8C90-DB5B3FFF24A5}.Debug|Any CPU.ActiveCfg = Debug|Any CPU
		{FD8AAE57-0776-4253-8C90-DB5B3FFF24A5}.Debug|Any CPU.Build.0 = Debug|Any CPU
		{FD8AAE57-0776-4253-8C90-DB5B3FFF24A5}.Release|Any CPU.ActiveCfg = Release|Any CPU
		{FD8AAE57-0776-4253-8C90-DB5B3FFF24A5}.Release|Any CPU.Build.0 = Release|Any CPU
		{35CDC7E9-976B-4A1D-B64E-95CDDC25D68B}.Debug|Any CPU.ActiveCfg = Debug|Any CPU
		{35CDC7E9-976B-4A1D-B64E-95CDDC25D68B}.Debug|Any CPU.Build.0 = Debug|Any CPU
		{35CDC7E9-976B-4A1D-B64E-95CDDC25D68B}.Release|Any CPU.ActiveCfg = Release|Any CPU
		{35CDC7E9-976B-4A1D-B64E-95CDDC25D68B}.Release|Any CPU.Build.0 = Release|Any CPU
	EndGlobalSection
	GlobalSection(SolutionProperties) = preSolution
		HideSolutionNode = FALSE
	EndGlobalSection
	GlobalSection(ExtensibilityGlobals) = postSolution
		SolutionGuid = {22B2D8C8-0509-472D-9077-EA15FF20FC8F}
	EndGlobalSection
EndGlobal
